
Microsoft Visual Studio Solution File, Format Version 12.00
# Visual Studio Version 17
VisualStudioVersion = 17.7.34031.279
MinimumVisualStudioVersion = 10.0.40219.1
Project("{FAE04EC0-301F-11D3-BF4B-00C04F79EFBC}") = "Week14", "Week14\Week14.csproj", "{D74AFC1C-F5CE-4EE0-B85C-3F46BAB4E923}"
EndProject
Global
	GlobalSection(SolutionConfigurationPlatforms) = preSolution
		Debug|Any CPU = Debug|Any CPU
		Release|Any CPU = Release|Any CPU
	EndGlobalSection
	GlobalSection(ProjectConfigurationPlatforms) = postSolution
		{D74AFC1C-F5CE-4EE0-B85C-3F46BAB4E923}.Debug|Any CPU.ActiveCfg = Debug|Any CPU
		{D74AFC1C-F5CE-4EE0-B85C-3F46BAB4E923}.Debug|Any CPU.Build.0 = Debug|Any CPU
		{D74AFC1C-F5CE-4EE0-B85C-3F46BAB4E923}.Release|Any CPU.ActiveCfg = Release|Any CPU
		{D74AFC1C-F5CE-4EE0-B85C-3F46BAB4E923}.Release|Any CPU.Build.0 = Release|Any CPU
	EndGlobalSection
	GlobalSection(SolutionProperties) = preSolution
		HideSolutionNode = FALSE
	EndGlobalSection
	GlobalSection(ExtensibilityGlobals) = postSolution
		SolutionGuid = {33EC945B-89A4-4847-8539-836785B10218}
	EndGlobalSection
EndGlobal
